
Microsoft Visual Studio Solution File, Format Version 12.00
# Visual Studio Version 18
VisualStudioVersion = 18.4.11626.88 stable
MinimumVisualStudioVersion = 10.0.40219.1
Project("{FAE04EC0-301F-11D3-BF4B-00C04F79EFBC}") = "TrackGeometryReport", "TrackGeometryReport.csproj", "{ED38ADD5-1A30-44DE-A962-98E00EEF3ED9}"
EndProject
Project("{FAE04EC0-301F-11D3-BF4B-00C04F79EFBC}") = "databaseAPI", "..\..\DBapi\databaseAPI\databaseAPI.csproj", "{145959CE-5E95-1C50-1681-BC8B0B972EBA}"
EndProject
Project("{FAE04EC0-301F-11D3-BF4B-00C04F79EFBC}") = "GNA_CommercialLicenseValidator", "..\..\GNA_CommercialLicenseValidator\GNA_CommercialLicenseValidator\GNA_CommercialLicenseValidator.csproj", "{4B540D55-9292-7A0F-3AC4-332E844E1928}"
EndProject
Project("{FAE04EC0-301F-11D3-BF4B-00C04F79EFBC}") = "gnaDataClasses", "..\..\gnaDataClasses\gnaDataClasses\gnaDataClasses.csproj", "{05AA28DB-2C4E-4290-B61A-B50DCE9B0E63}"
EndProject
Project("{FAE04EC0-301F-11D3-BF4B-00C04F79EFBC}") = "GNAtools", "..\..\GNAtools\GNAtools\GNAtools.csproj", "{07CDB07A-52BF-5CFC-A6C6-210F2078ADFB}"
EndProject
Project("{FAE04EC0-301F-11D3-BF4B-00C04F79EFBC}") = "GNAsurveycalcs", "..\..\GNAsurveytools\GNAsurvey\GNAsurveycalcs.csproj", "{FF7B7838-17E1-AC50-1846-7E472D84333C}"
EndProject
Project("{FAE04EC0-301F-11D3-BF4B-00C04F79EFBC}") = "T4Dlibrary", "..\..\T4Dlibrary\T4Dlibrary\T4Dlibrary.csproj", "{4766B335-77FB-FE9D-5D14-4E0569A1EF42}"
EndProject
Global
	GlobalSection(SolutionConfigurationPlatforms) = preSolution
		Debug|Any CPU = Debug|Any CPU
		Release|Any CPU = Release|Any CPU
	EndGlobalSection
	GlobalSection(ProjectConfigurationPlatforms) = postSolution
		{ED38ADD5-1A30-44DE-A962-98E00EEF3ED9}.Debug|Any CPU.ActiveCfg = Debug|Any CPU
		{ED38ADD5-1A30-44DE-A962-98E00EEF3ED9}.Debug|Any CPU.Build.0 = Debug|Any CPU
		{ED38ADD5-1A30-44DE-A962-98E00EEF3ED9}.Release|Any CPU.ActiveCfg = Release|Any CPU
		{ED38ADD5-1A30-44DE-A962-98E00EEF3ED9}.Release|Any CPU.Build.0 = Release|Any CPU
		{145959CE-5E95-1C50-1681-BC8B0B972EBA}.Debug|Any CPU.ActiveCfg = Debug|Any CPU
		{145959CE-5E95-1C50-1681-BC8B0B972EBA}.Debug|Any CPU.Build.0 = Debug|Any CPU
		{145959CE-5E95-1C50-1681-BC8B0B972EBA}.Release|Any CPU.ActiveCfg = Release|Any CPU
		{145959CE-5E95-1C50-1681-BC8B0B972EBA}.Release|Any CPU.Build.0 = Release|Any CPU
		{4B540D55-9292-7A0F-3AC4-332E844E1928}.Debug|Any CPU.ActiveCfg = Debug|Any CPU
		{4B540D55-9292-7A0F-3AC4-332E844E1928}.Debug|Any CPU.Build.0 = Debug|Any CPU
		{4B540D55-9292-7A0F-3AC4-332E844E1928}.Release|Any CPU.ActiveCfg = Release|Any CPU
		{4B540D55-9292-7A0F-3AC4-332E844E1928}.Release|Any CPU.Build.0 = Release|Any CPU
		{05AA28DB-2C4E-4290-B61A-B50DCE9B0E63}.Debug|Any CPU.ActiveCfg = Debug|Any CPU
		{05AA28DB-2C4E-4290-B61A-B50DCE9B0E63}.Debug|Any CPU.Build.0 = Debug|Any CPU
		{05AA28DB-2C4E-4290-B61A-B50DCE9B0E63}.Release|Any CPU.ActiveCfg = Release|Any CPU
		{05AA28DB-2C4E-4290-B61A-B50DCE9B0E63}.Release|Any CPU.Build.0 = Release|Any CPU
		{07CDB07A-52BF-5CFC-A6C6-210F2078ADFB}.Debug|Any CPU.ActiveCfg = Debug|Any CPU
		{07CDB07A-52BF-5CFC-A6C6-210F2078ADFB}.Debug|Any CPU.Build.0 = Debug|Any CPU
		{07CDB07A-52BF-5CFC-A6C6-210F2078ADFB}.Release|Any CPU.ActiveCfg = Release|Any CPU
		{07CDB07A-52BF-5CFC-A6C6-210F2078ADFB}.Release|Any CPU.Build.0 = Release|Any CPU
		{FF7B7838-17E1-AC50-1846-7E472D84333C}.Debug|Any CPU.ActiveCfg = Debug|Any CPU
		{FF7B7838-17E1-AC50-1846-7E472D84333C}.Debug|Any CPU.Build.0 = Debug|Any CPU
		{FF7B7838-17E1-AC50-1846-7E472D84333C}.Release|Any CPU.ActiveCfg = Release|Any CPU
		{FF7B7838-17E1-AC50-1846-7E472D84333C}.Release|Any CPU.Build.0 = Release|Any CPU
		{4766B335-77FB-FE9D-5D14-4E0569A1EF42}.Debug|Any CPU.ActiveCfg = Debug|Any CPU
		{4766B335-77FB-FE9D-5D14-4E0569A1EF42}.Debug|Any CPU.Build.0 = Debug|Any CPU
		{4766B335-77FB-FE9D-5D14-4E0569A1EF42}.Release|Any CPU.ActiveCfg = Release|Any CPU
		{4766B335-77FB-FE9D-5D14-4E0569A1EF42}.Release|Any CPU.Build.0 = Release|Any CPU
	EndGlobalSection
	GlobalSection(SolutionProperties) = preSolution
		HideSolutionNode = FALSE
	EndGlobalSection
	GlobalSection(ExtensibilityGlobals) = postSolution
		SolutionGuid = {8321F374-C39D-4800-91FF-FF6386ACA241}
	EndGlobalSection
EndGlobal
